
Microsoft Visual Studio Solution File, Format Version 12.00
# Visual Studio Version 16
VisualStudioVersion = 16.0.30717.126
MinimumVisualStudioVersion = 10.0.40219.1
Project("{FAE04EC0-301F-11D3-BF4B-00C04F79EFBC}") = "Caffe_Console", "Caffe_Console\Caffe_Console.csproj", "{120D2FE5-0DF7-4BCD-9A1B-C47C1330C2D9}"
EndProject
Global
	GlobalSection(SolutionConfigurationPlatforms) = preSolution
		Debug|Any CPU = Debug|Any CPU
		Release|Any CPU = Release|Any CPU
	EndGlobalSection
	GlobalSection(ProjectConfigurationPlatforms) = postSolution
		{120D2FE5-0DF7-4BCD-9A1B-C47C1330C2D9}.Debug|Any CPU.ActiveCfg = Debug|Any CPU
		{120D2FE5-0DF7-4BCD-9A1B-C47C1330C2D9}.Debug|Any CPU.Build.0 = Debug|Any CPU
		{120D2FE5-0DF7-4BCD-9A1B-C47C1330C2D9}.Release|Any CPU.ActiveCfg = Release|Any CPU
		{120D2FE5-0DF7-4BCD-9A1B-C47C1330C2D9}.Release|Any CPU.Build.0 = Release|Any CPU
	EndGlobalSection
	GlobalSection(SolutionProperties) = preSolution
		HideSolutionNode = FALSE
	EndGlobalSection
	GlobalSection(ExtensibilityGlobals) = postSolution
		SolutionGuid = {216612D3-941E-46A3-958B-37349647F064}
	EndGlobalSection
EndGlobal
